
Microsoft Visual Studio Solution File, Format Version 11.00
# Visual Studio 2010
Project("{FAE04EC0-301F-11D3-BF4B-00C04F79EFBC}") = "CPUGrab.NET", "CPUGrab.NET\CPUGrab.NET.csproj", "{9CE3ABBE-8C21-4ED1-95C4-D637611D570E}"
EndProject
Global
	GlobalSection(SolutionConfigurationPlatforms) = preSolution
		Debug|x86 = Debug|x86
		Release|x86 = Release|x86
	EndGlobalSection
	GlobalSection(ProjectConfigurationPlatforms) = postSolution
		{9CE3ABBE-8C21-4ED1-95C4-D637611D570E}.Debug|x86.ActiveCfg = Debug|x86
		{9CE3ABBE-8C21-4ED1-95C4-D637611D570E}.Debug|x86.Build.0 = Debug|x86
		{9CE3ABBE-8C21-4ED1-95C4-D637611D570E}.Release|x86.ActiveCfg = Release|x86
		{9CE3ABBE-8C21-4ED1-95C4-D637611D570E}.Release|x86.Build.0 = Release|x86
	EndGlobalSection
	GlobalSection(SolutionProperties) = preSolution
		HideSolutionNode = FALSE
	EndGlobalSection
EndGlobal
